{
  "lockfileVersion": 1,
  "configVersion": 0,
  "workspaces": {
    "": {
      "dependencies": {
        "bun": "^1.3.8",
        "dotenv": "^17.2.3",
        "figlet": "^1.10.0",
        "hono": "^4.11.7",
        "mongoose": "^9.1.5",
      },
      "devDependencies": {
        "@types/bun": "latest",
      },
      "peerDependencies": {
        "typescript": "^5",
      },
    },
  },
  "packages": {
    "@mongodb-js/saslprep": ["@mongodb-js/saslprep@1.4.5", "", { "dependencies": { "sparse-bitfield": "^3.0.3" } }, "sha512-k64Lbyb7ycCSXHSLzxVdb2xsKGPMvYZfCICXvDsI8Z65CeWQzTEKS4YmGbnqw+U9RBvLPTsB6UCmwkgsDTGWIw=="],

    "@oven/bun-darwin-aarch64": ["@oven/bun-darwin-aarch64@1.3.8", "", { "os": "darwin", "cpu": "arm64" }, "sha512-hPERz4IgXCM6Y6GdEEsJAFceyJMt29f3HlFzsvE/k+TQjChRhar6S+JggL35b9VmFfsdxyCOOTPqgnSrdV0etA=="],

    "@oven/bun-darwin-x64": ["@oven/bun-darwin-x64@1.3.8", "", { "os": "darwin", "cpu": "x64" }, "sha512-SaWIxsRQYiT/eA60bqA4l8iNO7cJ6YD8ie82RerRp9voceBxPIZiwX4y20cTKy5qNaSGr9LxfYq7vDywTipiog=="],

    "@oven/bun-darwin-x64-baseline": ["@oven/bun-darwin-x64-baseline@1.3.8", "", { "os": "darwin", "cpu": "x64" }, "sha512-ArHVWpCRZI3vGLoN2/8ud8Kzqlgn1Gv+fNw+pMB9x18IzgAEhKxFxsWffnoaH21amam4tAOhpeewRIgdNtB0Cw=="],

    "@oven/bun-linux-aarch64": ["@oven/bun-linux-aarch64@1.3.8", "", { "os": "linux", "cpu": "arm64" }, "sha512-rq0nNckobtS+ONoB95/Frfqr8jCtmSjjjEZlN4oyUx0KEBV11Vj4v3cDVaWzuI34ryL8FCog3HaqjfKn8R82Tw=="],

    "@oven/bun-linux-aarch64-musl": ["@oven/bun-linux-aarch64-musl@1.3.8", "", { "os": "linux", "cpu": "arm64" }, "sha512-HvJmhrfipL7GtuqFz6xNpmf27NGcCOMwCalPjNR6fvkLpe8A7Z1+QbxKKjOglelmlmZc3Vi2TgDUtxSqfqOToQ=="],

    "@oven/bun-linux-x64": ["@oven/bun-linux-x64@1.3.8", "", { "os": "linux", "cpu": "x64" }, "sha512-YDgqVx1MI8E0oDbCEUSkAMBKKGnUKfaRtMdLh9Bjhu7JQacQ/ZCpxwi4HPf5Q0O1TbWRrdxGw2tA2Ytxkn7s1Q=="],

    "@oven/bun-linux-x64-baseline": ["@oven/bun-linux-x64-baseline@1.3.8", "", { "os": "linux", "cpu": "x64" }, "sha512-3IkS3TuVOzMqPW6Gg9/8FEoKF/rpKZ9DZUfNy9GQ54+k4PGcXpptU3+dy8D4iDFCt4qe6bvoiAOdM44OOsZ+Wg=="],

    "@oven/bun-linux-x64-musl": ["@oven/bun-linux-x64-musl@1.3.8", "", { "os": "linux", "cpu": "x64" }, "sha512-o7Jm5zL4aw9UBs3BcZLVbgGm2V4F10MzAQAV+ziKzoEfYmYtvDqRVxgKEq7BzUOVy4LgfrfwzEXw5gAQGRrhQQ=="],

    "@oven/bun-linux-x64-musl-baseline": ["@oven/bun-linux-x64-musl-baseline@1.3.8", "", { "os": "linux", "cpu": "x64" }, "sha512-5g8XJwHhcTh8SGoKO7pR54ILYDbuFkGo+68DOMTiVB5eLxuLET+Or/camHgk4QWp3nUS5kNjip4G8BE8i0rHVQ=="],

    "@oven/bun-windows-x64": ["@oven/bun-windows-x64@1.3.8", "", { "os": "win32", "cpu": "x64" }, "sha512-UDI3rowMm/tI6DIynpE4XqrOhr+1Ztk1NG707Wxv2nygup+anTswgCwjfjgmIe78LdoRNFrux2GpeolhQGW6vQ=="],

    "@oven/bun-windows-x64-baseline": ["@oven/bun-windows-x64-baseline@1.3.8", "", { "os": "win32", "cpu": "x64" }, "sha512-K6qBUKAZLXsjAwFxGTG87dsWlDjyDl2fqjJr7+x7lmv2m+aSEzmLOK+Z5pSvGkpjBp3LXV35UUgj8G0UTd0pPg=="],

    "@types/bun": ["@types/bun@1.3.8", "", { "dependencies": { "bun-types": "1.3.8" } }, "sha512-3LvWJ2q5GerAXYxO2mffLTqOzEu5qnhEAlh48Vnu8WQfnmSwbgagjGZV6BoHKJztENYEDn6QmVd949W4uESRJA=="],

    "@types/node": ["@types/node@25.2.0", "", { "dependencies": { "undici-types": "~7.16.0" } }, "sha512-DZ8VwRFUNzuqJ5khrvwMXHmvPe+zGayJhr2CDNiKB1WBE1ST8Djl00D0IC4vvNmHMdj6DlbYRIaFE7WHjlDl5w=="],

    "@types/webidl-conversions": ["@types/webidl-conversions@7.0.3", "", {}, "sha512-CiJJvcRtIgzadHCYXw7dqEnMNRjhGZlYK05Mj9OyktqV8uVT8fD2BFOB7S1uwBE3Kj2Z+4UyPmFw/Ixgw/LAlA=="],

    "@types/whatwg-url": ["@types/whatwg-url@13.0.0", "", { "dependencies": { "@types/webidl-conversions": "*" } }, "sha512-N8WXpbE6Wgri7KUSvrmQcqrMllKZ9uxkYWMt+mCSGwNc0Hsw9VQTW7ApqI4XNrx6/SaM2QQJCzMPDEXE058s+Q=="],

    "bson": ["bson@7.2.0", "", {}, "sha512-YCEo7KjMlbNlyHhz7zAZNDpIpQbd+wOEHJYezv0nMYTn4x31eIUM2yomNNubclAt63dObUzKHWsBLJ9QcZNSnQ=="],

    "bun": ["bun@1.3.8", "", { "optionalDependencies": { "@oven/bun-darwin-aarch64": "1.3.8", "@oven/bun-darwin-x64": "1.3.8", "@oven/bun-darwin-x64-baseline": "1.3.8", "@oven/bun-linux-aarch64": "1.3.8", "@oven/bun-linux-aarch64-musl": "1.3.8", "@oven/bun-linux-x64": "1.3.8", "@oven/bun-linux-x64-baseline": "1.3.8", "@oven/bun-linux-x64-musl": "1.3.8", "@oven/bun-linux-x64-musl-baseline": "1.3.8", "@oven/bun-windows-x64": "1.3.8", "@oven/bun-windows-x64-baseline": "1.3.8" }, "os": [ "linux", "win32", "darwin", ], "cpu": [ "x64", "arm64", ], "bin": { "bun": "bin/bun.exe", "bunx": "bin/bunx.exe" } }, "sha512-TmmtMGQSXY3o0enSMMkvR5g7Dw/2n2oylAUprLVdqA8pDPBoKbzgOmmgHOtvnfRznFppl+Gu2cid3vgAjcNoSg=="],

    "bun-types": ["bun-types@1.3.8", "", { "dependencies": { "@types/node": "*" } }, "sha512-fL99nxdOWvV4LqjmC+8Q9kW3M4QTtTR1eePs94v5ctGqU8OeceWrSUaRw3JYb7tU3FkMIAjkueehrHPPPGKi5Q=="],

    "commander": ["commander@14.0.3", "", {}, "sha512-H+y0Jo/T1RZ9qPP4Eh1pkcQcLRglraJaSLoyOtHxu6AapkjWVCy2Sit1QQ4x3Dng8qDlSsZEet7g5Pq06MvTgw=="],

    "dotenv": ["dotenv@17.2.3", "", {}, "sha512-JVUnt+DUIzu87TABbhPmNfVdBDt18BLOWjMUFJMSi/Qqg7NTYtabbvSNJGOJ7afbRuv9D/lngizHtP7QyLQ+9w=="],

    "figlet": ["figlet@1.10.0", "", { "dependencies": { "commander": "^14.0.0" }, "bin": { "figlet": "bin/index.js" } }, "sha512-aktIwEZZ6Gp9AWdMXW4YCi0J2Ahuxo67fNJRUIWD81w8pQ0t9TS8FFpbl27ChlTLF06VkwjDesZSzEVzN75rzA=="],

    "hono": ["hono@4.11.7", "", {}, "sha512-l7qMiNee7t82bH3SeyUCt9UF15EVmaBvsppY2zQtrbIhl/yzBTny+YUxsVjSjQ6gaqaeVtZmGocom8TzBlA4Yw=="],

    "kareem": ["kareem@3.0.0", "", {}, "sha512-RKhaOBSPN8L7y4yAgNhDT2602G5FD6QbOIISbjN9D6mjHPeqeg7K+EB5IGSU5o81/X2Gzm3ICnAvQW3x3OP8HA=="],

    "memory-pager": ["memory-pager@1.5.0", "", {}, "sha512-ZS4Bp4r/Zoeq6+NLJpP+0Zzm0pR8whtGPf1XExKLJBAczGMnSi3It14OiNCStjQjM6NU1okjQGSxgEZN8eBYKg=="],

    "mongodb": ["mongodb@7.0.0", "", { "dependencies": { "@mongodb-js/saslprep": "^1.3.0", "bson": "^7.0.0", "mongodb-connection-string-url": "^7.0.0" }, "peerDependencies": { "@aws-sdk/credential-providers": "^3.806.0", "@mongodb-js/zstd": "^7.0.0", "gcp-metadata": "^7.0.1", "kerberos": "^7.0.0", "mongodb-client-encryption": ">=7.0.0 <7.1.0", "snappy": "^7.3.2", "socks": "^2.8.6" }, "optionalPeers": ["@aws-sdk/credential-providers", "@mongodb-js/zstd", "gcp-metadata", "kerberos", "mongodb-client-encryption", "snappy", "socks"] }, "sha512-vG/A5cQrvGGvZm2mTnCSz1LUcbOPl83hfB6bxULKQ8oFZauyox/2xbZOoGNl+64m8VBrETkdGCDBdOsCr3F3jg=="],

    "mongodb-connection-string-url": ["mongodb-connection-string-url@7.0.1", "", { "dependencies": { "@types/whatwg-url": "^13.0.0", "whatwg-url": "^14.1.0" } }, "sha512-h0AZ9A7IDVwwHyMxmdMXKy+9oNlF0zFoahHiX3vQ8e3KFcSP3VmsmfvtRSuLPxmyv2vjIDxqty8smTgie/SNRQ=="],

    "mongoose": ["mongoose@9.1.5", "", { "dependencies": { "kareem": "3.0.0", "mongodb": "~7.0", "mpath": "0.9.0", "mquery": "6.0.0", "ms": "2.1.3", "sift": "17.1.3" } }, "sha512-N6gypEO+wLmZp8kCYNQmrEWxVMT0KhyHvVttBZoKA/1ngY7aUsBjqHzCPtDgz+i8JAnqMOiEKmuJIDEQu1b9Dw=="],

    "mpath": ["mpath@0.9.0", "", {}, "sha512-ikJRQTk8hw5DEoFVxHG1Gn9T/xcjtdnOKIU1JTmGjZZlg9LST2mBLmcX3/ICIbgJydT2GOc15RnNy5mHmzfSew=="],

    "mquery": ["mquery@6.0.0", "", {}, "sha512-b2KQNsmgtkscfeDgkYMcWGn9vZI9YoXh802VDEwE6qc50zxBFQ0Oo8ROkawbPAsXCY1/Z1yp0MagqsZStPWJjw=="],

    "ms": ["ms@2.1.3", "", {}, "sha512-6FlzubTLZG3J2a/NVCAleEhjzq5oxgHyaCU9yYXvcLsvoVaHJq/s5xXI6/XXP6tz7R9xAOtHnSO/tXtF3WRTlA=="],

    "punycode": ["punycode@2.3.1", "", {}, "sha512-vYt7UD1U9Wg6138shLtLOvdAu+8DsC/ilFtEVHcH+wydcSpNE20AfSOduf6MkRFahL5FY7X1oU7nKVZFtfq8Fg=="],

    "sift": ["sift@17.1.3", "", {}, "sha512-Rtlj66/b0ICeFzYTuNvX/EF1igRbbnGSvEyT79McoZa/DeGhMyC5pWKOEsZKnpkqtSeovd5FL/bjHWC3CIIvCQ=="],

    "sparse-bitfield": ["sparse-bitfield@3.0.3", "", { "dependencies": { "memory-pager": "^1.0.2" } }, "sha512-kvzhi7vqKTfkh0PZU+2D2PIllw2ymqJKujUcyPMd9Y75Nv4nPbGJZXNhxsgdQab2BmlDct1YnfQCguEvHr7VsQ=="],

    "tr46": ["tr46@5.1.1", "", { "dependencies": { "punycode": "^2.3.1" } }, "sha512-hdF5ZgjTqgAntKkklYw0R03MG2x/bSzTtkxmIRw/sTNV8YXsCJ1tfLAX23lhxhHJlEf3CRCOCGGWw3vI3GaSPw=="],

    "typescript": ["typescript@5.9.3", "", { "bin": { "tsc": "bin/tsc", "tsserver": "bin/tsserver" } }, "sha512-jl1vZzPDinLr9eUt3J/t7V6FgNEw9QjvBPdysz9KfQDD41fQrC2Y4vKQdiaUpFT4bXlb1RHhLpp8wtm6M5TgSw=="],

    "undici-types": ["undici-types@7.16.0", "", {}, "sha512-Zz+aZWSj8LE6zoxD+xrjh4VfkIG8Ya6LvYkZqtUQGJPZjYl53ypCaUwWqo7eI0x66KBGeRo+mlBEkMSeSZ38Nw=="],

    "webidl-conversions": ["webidl-conversions@7.0.0", "", {}, "sha512-VwddBukDzu71offAQR975unBIGqfKZpM+8ZX6ySk8nYhVoo5CYaZyzt3YBvYtRtO+aoGlqxPg/B87NGVZ/fu6g=="],

    "whatwg-url": ["whatwg-url@14.2.0", "", { "dependencies": { "tr46": "^5.1.0", "webidl-conversions": "^7.0.0" } }, "sha512-De72GdQZzNTUBBChsXueQUnPKDkg/5A5zp7pFDuQAj5UFoENpiACU0wlCvzpAGnTkj++ihpKwKyYewn/XNUbKw=="],
  }
}
